{
  "version": 4,
  "terraform_version": "0.15.4",
  "serial": 50,
  "lineage": "67e3cc59-4f34-e42d-4d64-24385ec01d76",
  "outputs": {
    "tls_private_key": {
      "value": "-----BEGIN RSA PRIVATE KEY-----\nMIIJKQIBAAKCAgEAwO1ywZyovqrnQLPPywzYUFlBryG7hUI2zcC4xtKwUBEAsInn\n2vCn0R91DJhVHEiHsvTreK3qhPW472RRgViG5tAfFWWzdu1JHHGYekpArtPHDbXw\nzwx6XHR/U6uOnf1INxshqOnDjjXBbKG/8WSl2tFZqzmL5x4kKoVF2YrPKRtMGCD5\n1Ckytz7G6fq9ej++5b18BmCkY5Hy5h+Y5nD4yuwkhEvx26Vee9SfIcYGU5OR/KIH\nEGKyckdszzOWDhBc1/wmqo21Lk0JOCnPPlhUoTbFBGt6AIaOHwvzxP4LwYJB9a4h\n+0DCJk87BuaO+Yovv/xLOpPcDQl0hkxoLai9JUDb92zHjc7mHIf5/6M45ivJz1Ds\nPlQAId/pp7s4shSfZwx4pIEh0SkRzHEURFF7mBkO4VzMA0yAa93Zu6FFwCBm520+\nQMdpx1sNNKmwreRRkSUOOy5DDbpDVePrft42ZmIeZPaRNOSKDUxxxn1gP/iL+5k8\nYNSjSFFC081BYLK1NeeYf2xCEZp+iyQMNHZDqHyQ+L/7RBS2Zb8XEW8h5AciRYXu\nW226Rv6mYhnNRm5hpuDGT4iTchwntd+b5Z8Wh04Gg1vhsUmEx6C4FMRpyp0XOjsf\nUCu+Bg5oh8LVR3WCYLfD6v/OLkTOJlNOD372qXBlQE2L6jfb63LnYJlmQdMCAwEA\nAQKCAgBkh9ayeNWddSTHnGr83ZaiV8BYZ/V0/QndsT0XrZXeQt3fIB1HAvwPhprR\nk1dWQ50ibWl+GvIHkptpcxbdlanGAFESL0qTABaG0dKodqS59PTWeiYfXdss7i+j\nA9RvExpcTLD/ecBDDFPcLXT9bnrWSRy2kmgKaLRjy8qYDzLfsq+2KwjDuywIPJge\nOGAfobPxtwk3sYg3skemDnT4L4oVA3QL1B8VW1ieoi7BxJRrXIxH3o5bxXJDBmD2\nn2TjszcN/QCRAwKUO+Q/9dleHV0MHKQRJ4gNWhAYsXu2/MJXdW61fKWMbTQ+Di8t\n61o5Qf6bxfXVclLKIFEt4gavNCxKo2XIn8UpwEynRTaw3kKGbhiiSvvU86tOLgpk\nyGe8KzhusyvPI9K+d5zQDV6QMh4my0NCmoAeJrMC413g8Wc6EBH9lv9GrF4JeqRA\n5iwR2OumXmk5MlXaIfZm5qZZe15FDe/zz4K92/tDL7AP03w1SXigGYQlwymDrpJP\nW7bqO69u3kUm44jCW43t2xbkahDwOyKPOExg52QIALxeiwp81rVS/ODPjkyy7B4N\nXta65K5byFUXJdMvp688t8wDZpmawipvkAXbHKOTDT2VAcrF52hG/XFkLZ4bZKTn\nsToAB6Eg6gHjqhmSJwCpjgNIyS7ztDUVta0i9SDDw7mmpzTGEQKCAQEA1FiRJhA3\nHjtWIpww6I9j/amFAAjRVz2zgOz9WywL+6pcLb371UCK+pJMFJ2w8yRnH4gLpTPq\nnuMTBCNcSl1DWeGMg3FgDf2nwfcnTOCvQJDcvUoFD/OyY8jFREnnTK6Sj0P8yug9\nZSP8NNNdiCK4QmN++3AG5QopgHuYkBVBJmX0wjEldStDaSzQXIsqQpE+VdWy6J68\niT6qyziMwN87/Aign4LwcM9sWzo2IKISZHv/f+ZFdapcdoPld43RR1hwx/3yexXH\nqQn7K2lxNZmUUpZ5DDJ8kheg/WAlY1sVmQ+r6D1mMVSr4pEot+tNjMQTvLYMrTEJ\nQQ1mMB96g7XkhQKCAQEA6JbreXukMPiuH7IcWqdQfWJriui7zr66pMnhD//mlr3D\n2kmYxFV68C3LN+BeBPtLWeoK2l8qEEXSqcKS+sq3SDy32HKBIjdCqSkJT7OdB6ca\nQAn11UXVOsxbyA6eKtj6yb67eVFmNpIi8QDXMALq/tfjrM3XS35h0TK25fzljUlf\nidrBomm+6arGinpuim83GcWdd4+s7Fu+VdBH2Ebx+nEsdl2mwWUBV+WpSlp2U2G+\nqCinHYXWQF9mQ/olLMftkLbbnPlYzxJggTySJByxJ5k/6yPtcKSStq9D6CckEhVM\nPkFf/+VwkXGvjM59L6eQ5UJe1F+NPjQ1jl0DW+dodwKCAQAGUJ/4btEE0CTuoJB/\nygviNlFjP9/h5U7aTbH3LScqE9Xr8lNz8xhu/TzP/CSQBowejvAxuIqIsR4WqGqN\nN5rSKHgCTLPblqiPhycfDSuJEwXNh08BO3EZsJXVQxFi4WowYog5DJEO2fQdKhAF\nBWtPZiAXoCxEUXoMfSB7YHZwiuWthMKlamT10sRbjDP0iNc+vD0218mplziDFKpy\n7fCdvS/xrnYyFKkXSXLko41CecGOby2voyJez+taE9iec43fFLlKWcp3R3m1v8wD\nGQ8lKZ5t825q9dLu1hYmj0XkKGgnXvQUEX2PHlwEpDXJMueXXB6iY+vviFN6qOT+\n18D1AoIBAQCds9atZBwL6FGHxChdfxygJ19rrCnLIJ9EpG0pgAVFKB3noAco+ByH\nRUWI+WRGVGze5kW9ktDef7k6yWcHDPQA0sqEw/6yyG02bVCW7d4HFlJCIX7BwLu3\nRmDk4KR1wPEqYVyUAZEgZy2x4zQEpbXYXWFOBbN4yJRiV9STVEoA5kMVIXIxQSnl\nHZnIwwK4cngVzVvbeVtyVzJS1QohptjjSmEvUIiEkIu8oUeL1pJsLtYrBoVpCxoe\nQ5D/flg+aMC3YoS9hoOkw30To5IjUiD8DHi+YnnX6n5fx65vdjqK2E392C3TQCp3\nM3IoMsnGygMAr2PE85S9HIFDqeVhJyI5AoIBAQCOzyzkLPV0YD2dOx8CHGjTM5HW\nK17Yyh6f6c/Jy94bDY3KifO8SG+LfMsNx+lkW9ORF2OoS8AjR7WQwpDlOgO62kqa\nHy+6RMh7ipbErJe7qQBFLw7K7upeKPZPRP7pK05eEwX29XJ0AzlXFqvfQZU/jKeK\nf21JJqKlTANmeFGNkso1kbvMA5IBHwN4JtuDxNylurWDtk7uNtm3OlPFOXIB9HRv\nV1enL76Imv9Ri4gj0R7K8cgYlffc17IaZpxn1WuVmLCqL6GNhgB4/nDSaMYS6BGb\nnKMYhs/o1QsFwU+mTxjVprz7KzkHnX9R+82GselYY8k6iRQ7OJ9G9AxzXmd2\n-----END RSA PRIVATE KEY-----\n",
      "type": "string",
      "sensitive": true
    }
  },
  "resources": [
    {
      "mode": "managed",
      "type": "azurerm_bastion_host",
      "name": "azurebastion",
      "provider": "provider[\"registry.terraform.io/hashicorp/azurerm\"]",
      "instances": [
        {
          "schema_version": 0,
          "attributes": {
            "dns_name": "bst-be42b6b6-e6a7-45cc-aa87-cf3cce9bdc35.bastion.azure.com",
            "id": "/subscriptions/ef0a4950-93f9-4c3b-ab6d-b25b4ce048ca/resourceGroups/terraformrg/providers/Microsoft.Network/bastionHosts/azurebastion",
            "ip_configuration": [
              {
                "name": "bastionconfiguration",
                "public_ip_address_id": "/subscriptions/ef0a4950-93f9-4c3b-ab6d-b25b4ce048ca/resourceGroups/terraformrg/providers/Microsoft.Network/publicIPAddresses/bastionpip",
                "subnet_id": "/subscriptions/ef0a4950-93f9-4c3b-ab6d-b25b4ce048ca/resourceGroups/terraformrg/providers/Microsoft.Network/virtualNetworks/webvirtualnetwork/subnets/AzureBastionSubnet"
              }
            ],
            "location": "japaneast",
            "name": "azurebastion",
            "resource_group_name": "terraformrg",
            "tags": null,
            "timeouts": null
          },
          "sensitive_attributes": [],
          "private": "eyJlMmJmYjczMC1lY2FhLTExZTYtOGY4OC0zNDM2M2JjN2M0YzAiOnsiY3JlYXRlIjoxODAwMDAwMDAwMDAwLCJkZWxldGUiOjE4MDAwMDAwMDAwMDAsInJlYWQiOjMwMDAwMDAwMDAwMCwidXBkYXRlIjoxODAwMDAwMDAwMDAwfX0=",
          "dependencies": [
            "azurerm_public_ip.bastionpip",
            "azurerm_resource_group.rg",
            "azurerm_subnet.bastionsubnet",
            "azurerm_virtual_network.webvirtualnetwork"
          ]
        }
      ]
    },
    {
      "mode": "managed",
      "type": "azurerm_linux_virtual_machine",
      "name": "webserver",
      "provider": "provider[\"registry.terraform.io/hashicorp/azurerm\"]",
      "instances": [
        {
          "schema_version": 0,
          "attributes": {
            "additional_capabilities": [],
            "admin_password": null,
            "admin_ssh_key": [
              {
                "public_key": "ssh-rsa AAAAB3NzaC1yc2EAAAADAQABAAACAQDA7XLBnKi+qudAs8/LDNhQWUGvIbuFQjbNwLjG0rBQEQCwiefa8KfRH3UMmFUcSIey9Ot4reqE9bjvZFGBWIbm0B8VZbN27UkccZh6SkCu08cNtfDPDHpcdH9Tq46d/Ug3GyGo6cOONcFsob/xZKXa0VmrOYvnHiQqhUXZis8pG0wYIPnUKTK3Psbp+r16P77lvXwGYKRjkfLmH5jmcPjK7CSES/HbpV571J8hxgZTk5H8ogcQYrJyR2zPM5YOEFzX/CaqjbUuTQk4Kc8+WFShNsUEa3oAho4fC/PE/gvBgkH1riH7QMImTzsG5o75ii+//Es6k9wNCXSGTGgtqL0lQNv3bMeNzuYch/n/ozjmK8nPUOw+VAAh3+mnuziyFJ9nDHikgSHRKRHMcRREUXuYGQ7hXMwDTIBr3dm7oUXAIGbnbT5Ax2nHWw00qbCt5FGRJQ47LkMNukNV4+t+3jZmYh5k9pE05IoNTHHGfWA/+Iv7mTxg1KNIUULTzUFgsrU155h/bEIRmn6LJAw0dkOofJD4v/tEFLZlvxcRbyHkByJFhe5bbbpG/qZiGc1GbmGm4MZPiJNyHCe135vlnxaHTgaDW+GxSYTHoLgUxGnKnRc6Ox9QK74GDmiHwtVHdYJgt8Pq/84uRM4mU04PfvapcGVATYvqN9vrcudgmWZB0w==\n",
                "username": "azureuser"
              }
            ],
            "admin_username": "azureuser",
            "allow_extension_operations": true,
            "availability_set_id": "",
            "boot_diagnostics": [],
            "computer_name": "webserver",
            "custom_data": null,
            "dedicated_host_id": "",
            "disable_password_authentication": true,
            "encryption_at_host_enabled": false,
            "eviction_policy": "",
            "extensions_time_budget": "PT1H30M",
            "id": "/subscriptions/ef0a4950-93f9-4c3b-ab6d-b25b4ce048ca/resourceGroups/terraformrg/providers/Microsoft.Compute/virtualMachines/webserver",
            "identity": [],
            "license_type": "",
            "location": "japaneast",
            "max_bid_price": -1,
            "name": "webserver",
            "network_interface_ids": [
              "/subscriptions/ef0a4950-93f9-4c3b-ab6d-b25b4ce048ca/resourceGroups/terraformrg/providers/Microsoft.Network/networkInterfaces/webservernic"
            ],
            "os_disk": [
              {
                "caching": "ReadWrite",
                "diff_disk_settings": [],
                "disk_encryption_set_id": "",
                "disk_size_gb": 30,
                "name": "webserverosdisk",
                "storage_account_type": "Standard_LRS",
                "write_accelerator_enabled": false
              }
            ],
            "plan": [],
            "platform_fault_domain": -1,
            "priority": "Regular",
            "private_ip_address": "10.0.0.4",
            "private_ip_addresses": [
              "10.0.0.4"
            ],
            "provision_vm_agent": true,
            "proximity_placement_group_id": "",
            "public_ip_address": "52.246.184.126",
            "public_ip_addresses": [
              "52.246.184.126"
            ],
            "resource_group_name": "terraformrg",
            "secret": [],
            "size": "Standard_B2ms",
            "source_image_id": "",
            "source_image_reference": [
              {
                "offer": "UbuntuServer",
                "publisher": "Canonical",
                "sku": "18.04-LTS",
                "version": "latest"
              }
            ],
            "tags": null,
            "timeouts": null,
            "virtual_machine_id": "94d16a58-8594-4dd9-a630-ed3d172ac9fe",
            "virtual_machine_scale_set_id": "",
            "zone": ""
          },
          "sensitive_attributes": [],
          "private": "eyJlMmJmYjczMC1lY2FhLTExZTYtOGY4OC0zNDM2M2JjN2M0YzAiOnsiY3JlYXRlIjoyNzAwMDAwMDAwMDAwLCJkZWxldGUiOjI3MDAwMDAwMDAwMDAsInJlYWQiOjMwMDAwMDAwMDAwMCwidXBkYXRlIjoyNzAwMDAwMDAwMDAwfX0=",
          "dependencies": [
            "azurerm_network_interface.webservernic",
            "azurerm_public_ip.webserverpip",
            "azurerm_resource_group.rg",
            "azurerm_subnet.frontendsubnet",
            "azurerm_virtual_network.webvirtualnetwork",
            "tls_private_key.webserverssh"
          ]
        }
      ]
    },
    {
      "mode": "managed",
      "type": "azurerm_network_interface",
      "name": "webservernic",
      "provider": "provider[\"registry.terraform.io/hashicorp/azurerm\"]",
      "instances": [
        {
          "schema_version": 0,
          "attributes": {
            "applied_dns_servers": [],
            "dns_servers": [],
            "enable_accelerated_networking": false,
            "enable_ip_forwarding": false,
            "id": "/subscriptions/ef0a4950-93f9-4c3b-ab6d-b25b4ce048ca/resourceGroups/terraformrg/providers/Microsoft.Network/networkInterfaces/webservernic",
            "internal_dns_name_label": "",
            "internal_domain_name_suffix": "yvgci2x5bonunl04wbqd2vxhtf.lx.internal.cloudapp.net",
            "ip_configuration": [
              {
                "name": "webservernic_configuration",
                "primary": true,
                "private_ip_address": "10.0.0.4",
                "private_ip_address_allocation": "Dynamic",
                "private_ip_address_version": "IPv4",
                "public_ip_address_id": "/subscriptions/ef0a4950-93f9-4c3b-ab6d-b25b4ce048ca/resourceGroups/terraformrg/providers/Microsoft.Network/publicIPAddresses/webserverpip",
                "subnet_id": "/subscriptions/ef0a4950-93f9-4c3b-ab6d-b25b4ce048ca/resourceGroups/terraformrg/providers/Microsoft.Network/virtualNetworks/webvirtualnetwork/subnets/frontendsubnet"
              }
            ],
            "location": "japaneast",
            "mac_address": "",
            "name": "webservernic",
            "private_ip_address": "10.0.0.4",
            "private_ip_addresses": [
              "10.0.0.4"
            ],
            "resource_group_name": "terraformrg",
            "tags": null,
            "timeouts": null,
            "virtual_machine_id": ""
          },
          "sensitive_attributes": [],
          "private": "eyJlMmJmYjczMC1lY2FhLTExZTYtOGY4OC0zNDM2M2JjN2M0YzAiOnsiY3JlYXRlIjoxODAwMDAwMDAwMDAwLCJkZWxldGUiOjE4MDAwMDAwMDAwMDAsInJlYWQiOjMwMDAwMDAwMDAwMCwidXBkYXRlIjoxODAwMDAwMDAwMDAwfX0=",
          "dependencies": [
            "azurerm_public_ip.webserverpip",
            "azurerm_resource_group.rg",
            "azurerm_subnet.frontendsubnet",
            "azurerm_virtual_network.webvirtualnetwork"
          ]
        }
      ]
    },
    {
      "mode": "managed",
      "type": "azurerm_network_interface_security_group_association",
      "name": "webservernicassociation",
      "provider": "provider[\"registry.terraform.io/hashicorp/azurerm\"]",
      "instances": [
        {
          "schema_version": 0,
          "attributes": {
            "id": "/subscriptions/ef0a4950-93f9-4c3b-ab6d-b25b4ce048ca/resourceGroups/terraformrg/providers/Microsoft.Network/networkInterfaces/webservernic|/subscriptions/ef0a4950-93f9-4c3b-ab6d-b25b4ce048ca/resourceGroups/terraformrg/providers/Microsoft.Network/networkSecurityGroups/webservernsg",
            "network_interface_id": "/subscriptions/ef0a4950-93f9-4c3b-ab6d-b25b4ce048ca/resourceGroups/terraformrg/providers/Microsoft.Network/networkInterfaces/webservernic",
            "network_security_group_id": "/subscriptions/ef0a4950-93f9-4c3b-ab6d-b25b4ce048ca/resourceGroups/terraformrg/providers/Microsoft.Network/networkSecurityGroups/webservernsg",
            "timeouts": null
          },
          "sensitive_attributes": [],
          "private": "eyJlMmJmYjczMC1lY2FhLTExZTYtOGY4OC0zNDM2M2JjN2M0YzAiOnsiY3JlYXRlIjoxODAwMDAwMDAwMDAwLCJkZWxldGUiOjE4MDAwMDAwMDAwMDAsInJlYWQiOjMwMDAwMDAwMDAwMCwidXBkYXRlIjoxODAwMDAwMDAwMDAwfX0=",
          "dependencies": [
            "azurerm_network_interface.webservernic",
            "azurerm_network_security_group.webservernsg",
            "azurerm_public_ip.webserverpip",
            "azurerm_resource_group.rg",
            "azurerm_subnet.frontendsubnet",
            "azurerm_virtual_network.webvirtualnetwork"
          ]
        }
      ]
    },
    {
      "mode": "managed",
      "type": "azurerm_network_security_group",
      "name": "webservernsg",
      "provider": "provider[\"registry.terraform.io/hashicorp/azurerm\"]",
      "instances": [
        {
          "schema_version": 0,
          "attributes": {
            "id": "/subscriptions/ef0a4950-93f9-4c3b-ab6d-b25b4ce048ca/resourceGroups/terraformrg/providers/Microsoft.Network/networkSecurityGroups/webservernsg",
            "location": "japaneast",
            "name": "webservernsg",
            "resource_group_name": "terraformrg",
            "security_rule": [
              {
                "access": "Allow",
                "description": "",
                "destination_address_prefix": "*",
                "destination_address_prefixes": [],
                "destination_application_security_group_ids": [],
                "destination_port_range": "80",
                "destination_port_ranges": [],
                "direction": "Inbound",
                "name": "HTTP",
                "priority": 1001,
                "protocol": "Tcp",
                "source_address_prefix": "*",
                "source_address_prefixes": [],
                "source_application_security_group_ids": [],
                "source_port_range": "*",
                "source_port_ranges": []
              }
            ],
            "tags": null,
            "timeouts": null
          },
          "sensitive_attributes": [],
          "private": "eyJlMmJmYjczMC1lY2FhLTExZTYtOGY4OC0zNDM2M2JjN2M0YzAiOnsiY3JlYXRlIjoxODAwMDAwMDAwMDAwLCJkZWxldGUiOjE4MDAwMDAwMDAwMDAsInJlYWQiOjMwMDAwMDAwMDAwMCwidXBkYXRlIjoxODAwMDAwMDAwMDAwfX0=",
          "dependencies": [
            "azurerm_resource_group.rg"
          ]
        }
      ]
    },
    {
      "mode": "managed",
      "type": "azurerm_public_ip",
      "name": "bastionpip",
      "provider": "provider[\"registry.terraform.io/hashicorp/azurerm\"]",
      "instances": [
        {
          "schema_version": 0,
          "attributes": {
            "allocation_method": "Static",
            "domain_name_label": null,
            "fqdn": null,
            "id": "/subscriptions/ef0a4950-93f9-4c3b-ab6d-b25b4ce048ca/resourceGroups/terraformrg/providers/Microsoft.Network/publicIPAddresses/bastionpip",
            "idle_timeout_in_minutes": 4,
            "ip_address": "20.44.163.232",
            "ip_tags": null,
            "ip_version": "IPv4",
            "location": "japaneast",
            "name": "bastionpip",
            "public_ip_prefix_id": null,
            "resource_group_name": "terraformrg",
            "reverse_fqdn": null,
            "sku": "Standard",
            "tags": null,
            "timeouts": null,
            "zones": null
          },
          "sensitive_attributes": [],
          "private": "eyJlMmJmYjczMC1lY2FhLTExZTYtOGY4OC0zNDM2M2JjN2M0YzAiOnsiY3JlYXRlIjoxODAwMDAwMDAwMDAwLCJkZWxldGUiOjE4MDAwMDAwMDAwMDAsInJlYWQiOjMwMDAwMDAwMDAwMCwidXBkYXRlIjoxODAwMDAwMDAwMDAwfX0=",
          "dependencies": [
            "azurerm_resource_group.rg"
          ]
        }
      ]
    },
    {
      "mode": "managed",
      "type": "azurerm_public_ip",
      "name": "webserverpip",
      "provider": "provider[\"registry.terraform.io/hashicorp/azurerm\"]",
      "instances": [
        {
          "schema_version": 0,
          "attributes": {
            "allocation_method": "Dynamic",
            "domain_name_label": null,
            "fqdn": null,
            "id": "/subscriptions/ef0a4950-93f9-4c3b-ab6d-b25b4ce048ca/resourceGroups/terraformrg/providers/Microsoft.Network/publicIPAddresses/webserverpip",
            "idle_timeout_in_minutes": 4,
            "ip_address": "",
            "ip_tags": null,
            "ip_version": "IPv4",
            "location": "japaneast",
            "name": "webserverpip",
            "public_ip_prefix_id": null,
            "resource_group_name": "terraformrg",
            "reverse_fqdn": null,
            "sku": "Basic",
            "tags": null,
            "timeouts": null,
            "zones": null
          },
          "sensitive_attributes": [],
          "private": "eyJlMmJmYjczMC1lY2FhLTExZTYtOGY4OC0zNDM2M2JjN2M0YzAiOnsiY3JlYXRlIjoxODAwMDAwMDAwMDAwLCJkZWxldGUiOjE4MDAwMDAwMDAwMDAsInJlYWQiOjMwMDAwMDAwMDAwMCwidXBkYXRlIjoxODAwMDAwMDAwMDAwfX0=",
          "dependencies": [
            "azurerm_resource_group.rg"
          ]
        }
      ]
    },
    {
      "mode": "managed",
      "type": "azurerm_resource_group",
      "name": "rg",
      "provider": "provider[\"registry.terraform.io/hashicorp/azurerm\"]",
      "instances": [
        {
          "schema_version": 0,
          "attributes": {
            "id": "/subscriptions/ef0a4950-93f9-4c3b-ab6d-b25b4ce048ca/resourceGroups/terraformrg",
            "location": "japaneast",
            "name": "terraformrg",
            "tags": null,
            "timeouts": null
          },
          "sensitive_attributes": [],
          "private": "eyJlMmJmYjczMC1lY2FhLTExZTYtOGY4OC0zNDM2M2JjN2M0YzAiOnsiY3JlYXRlIjo1NDAwMDAwMDAwMDAwLCJkZWxldGUiOjU0MDAwMDAwMDAwMDAsInJlYWQiOjMwMDAwMDAwMDAwMCwidXBkYXRlIjo1NDAwMDAwMDAwMDAwfX0="
        }
      ]
    },
    {
      "mode": "managed",
      "type": "azurerm_subnet",
      "name": "bastionsubnet",
      "provider": "provider[\"registry.terraform.io/hashicorp/azurerm\"]",
      "instances": [
        {
          "schema_version": 0,
          "attributes": {
            "address_prefix": "10.0.1.0/24",
            "address_prefixes": [
              "10.0.1.0/24"
            ],
            "delegation": [],
            "enforce_private_link_endpoint_network_policies": false,
            "enforce_private_link_service_network_policies": false,
            "id": "/subscriptions/ef0a4950-93f9-4c3b-ab6d-b25b4ce048ca/resourceGroups/terraformrg/providers/Microsoft.Network/virtualNetworks/webvirtualnetwork/subnets/AzureBastionSubnet",
            "name": "AzureBastionSubnet",
            "resource_group_name": "terraformrg",
            "service_endpoint_policy_ids": null,
            "service_endpoints": null,
            "timeouts": null,
            "virtual_network_name": "webvirtualnetwork"
          },
          "sensitive_attributes": [],
          "private": "eyJlMmJmYjczMC1lY2FhLTExZTYtOGY4OC0zNDM2M2JjN2M0YzAiOnsiY3JlYXRlIjoxODAwMDAwMDAwMDAwLCJkZWxldGUiOjE4MDAwMDAwMDAwMDAsInJlYWQiOjMwMDAwMDAwMDAwMCwidXBkYXRlIjoxODAwMDAwMDAwMDAwfX0=",
          "dependencies": [
            "azurerm_resource_group.rg",
            "azurerm_virtual_network.webvirtualnetwork"
          ]
        }
      ]
    },
    {
      "mode": "managed",
      "type": "azurerm_subnet",
      "name": "frontendsubnet",
      "provider": "provider[\"registry.terraform.io/hashicorp/azurerm\"]",
      "instances": [
        {
          "schema_version": 0,
          "attributes": {
            "address_prefix": "10.0.0.0/24",
            "address_prefixes": [
              "10.0.0.0/24"
            ],
            "delegation": [],
            "enforce_private_link_endpoint_network_policies": false,
            "enforce_private_link_service_network_policies": false,
            "id": "/subscriptions/ef0a4950-93f9-4c3b-ab6d-b25b4ce048ca/resourceGroups/terraformrg/providers/Microsoft.Network/virtualNetworks/webvirtualnetwork/subnets/frontendsubnet",
            "name": "frontendsubnet",
            "resource_group_name": "terraformrg",
            "service_endpoint_policy_ids": null,
            "service_endpoints": null,
            "timeouts": null,
            "virtual_network_name": "webvirtualnetwork"
          },
          "sensitive_attributes": [],
          "private": "eyJlMmJmYjczMC1lY2FhLTExZTYtOGY4OC0zNDM2M2JjN2M0YzAiOnsiY3JlYXRlIjoxODAwMDAwMDAwMDAwLCJkZWxldGUiOjE4MDAwMDAwMDAwMDAsInJlYWQiOjMwMDAwMDAwMDAwMCwidXBkYXRlIjoxODAwMDAwMDAwMDAwfX0=",
          "dependencies": [
            "azurerm_resource_group.rg",
            "azurerm_virtual_network.webvirtualnetwork"
          ]
        }
      ]
    },
    {
      "mode": "managed",
      "type": "azurerm_virtual_network",
      "name": "webvirtualnetwork",
      "provider": "provider[\"registry.terraform.io/hashicorp/azurerm\"]",
      "instances": [
        {
          "schema_version": 0,
          "attributes": {
            "address_space": [
              "10.0.0.0/16"
            ],
            "bgp_community": "",
            "ddos_protection_plan": [],
            "dns_servers": null,
            "guid": "72244cc5-0bff-469b-af5e-b0603e56e79d",
            "id": "/subscriptions/ef0a4950-93f9-4c3b-ab6d-b25b4ce048ca/resourceGroups/terraformrg/providers/Microsoft.Network/virtualNetworks/webvirtualnetwork",
            "location": "japaneast",
            "name": "webvirtualnetwork",
            "resource_group_name": "terraformrg",
            "subnet": [],
            "tags": null,
            "timeouts": null,
            "vm_protection_enabled": false
          },
          "sensitive_attributes": [],
          "private": "eyJlMmJmYjczMC1lY2FhLTExZTYtOGY4OC0zNDM2M2JjN2M0YzAiOnsiY3JlYXRlIjoxODAwMDAwMDAwMDAwLCJkZWxldGUiOjE4MDAwMDAwMDAwMDAsInJlYWQiOjMwMDAwMDAwMDAwMCwidXBkYXRlIjoxODAwMDAwMDAwMDAwfX0=",
          "dependencies": [
            "azurerm_resource_group.rg"
          ]
        }
      ]
    },
    {
      "mode": "managed",
      "type": "tls_private_key",
      "name": "webserverssh",
      "provider": "provider[\"registry.terraform.io/hashicorp/tls\"]",
      "instances": [
        {
          "schema_version": 0,
          "attributes": {
            "algorithm": "RSA",
            "ecdsa_curve": "P224",
            "id": "e779dcf0a99c999101f46bf24ea90db317c792a0",
            "private_key_pem": "-----BEGIN RSA PRIVATE KEY-----\nMIIJKQIBAAKCAgEAwO1ywZyovqrnQLPPywzYUFlBryG7hUI2zcC4xtKwUBEAsInn\n2vCn0R91DJhVHEiHsvTreK3qhPW472RRgViG5tAfFWWzdu1JHHGYekpArtPHDbXw\nzwx6XHR/U6uOnf1INxshqOnDjjXBbKG/8WSl2tFZqzmL5x4kKoVF2YrPKRtMGCD5\n1Ckytz7G6fq9ej++5b18BmCkY5Hy5h+Y5nD4yuwkhEvx26Vee9SfIcYGU5OR/KIH\nEGKyckdszzOWDhBc1/wmqo21Lk0JOCnPPlhUoTbFBGt6AIaOHwvzxP4LwYJB9a4h\n+0DCJk87BuaO+Yovv/xLOpPcDQl0hkxoLai9JUDb92zHjc7mHIf5/6M45ivJz1Ds\nPlQAId/pp7s4shSfZwx4pIEh0SkRzHEURFF7mBkO4VzMA0yAa93Zu6FFwCBm520+\nQMdpx1sNNKmwreRRkSUOOy5DDbpDVePrft42ZmIeZPaRNOSKDUxxxn1gP/iL+5k8\nYNSjSFFC081BYLK1NeeYf2xCEZp+iyQMNHZDqHyQ+L/7RBS2Zb8XEW8h5AciRYXu\nW226Rv6mYhnNRm5hpuDGT4iTchwntd+b5Z8Wh04Gg1vhsUmEx6C4FMRpyp0XOjsf\nUCu+Bg5oh8LVR3WCYLfD6v/OLkTOJlNOD372qXBlQE2L6jfb63LnYJlmQdMCAwEA\nAQKCAgBkh9ayeNWddSTHnGr83ZaiV8BYZ/V0/QndsT0XrZXeQt3fIB1HAvwPhprR\nk1dWQ50ibWl+GvIHkptpcxbdlanGAFESL0qTABaG0dKodqS59PTWeiYfXdss7i+j\nA9RvExpcTLD/ecBDDFPcLXT9bnrWSRy2kmgKaLRjy8qYDzLfsq+2KwjDuywIPJge\nOGAfobPxtwk3sYg3skemDnT4L4oVA3QL1B8VW1ieoi7BxJRrXIxH3o5bxXJDBmD2\nn2TjszcN/QCRAwKUO+Q/9dleHV0MHKQRJ4gNWhAYsXu2/MJXdW61fKWMbTQ+Di8t\n61o5Qf6bxfXVclLKIFEt4gavNCxKo2XIn8UpwEynRTaw3kKGbhiiSvvU86tOLgpk\nyGe8KzhusyvPI9K+d5zQDV6QMh4my0NCmoAeJrMC413g8Wc6EBH9lv9GrF4JeqRA\n5iwR2OumXmk5MlXaIfZm5qZZe15FDe/zz4K92/tDL7AP03w1SXigGYQlwymDrpJP\nW7bqO69u3kUm44jCW43t2xbkahDwOyKPOExg52QIALxeiwp81rVS/ODPjkyy7B4N\nXta65K5byFUXJdMvp688t8wDZpmawipvkAXbHKOTDT2VAcrF52hG/XFkLZ4bZKTn\nsToAB6Eg6gHjqhmSJwCpjgNIyS7ztDUVta0i9SDDw7mmpzTGEQKCAQEA1FiRJhA3\nHjtWIpww6I9j/amFAAjRVz2zgOz9WywL+6pcLb371UCK+pJMFJ2w8yRnH4gLpTPq\nnuMTBCNcSl1DWeGMg3FgDf2nwfcnTOCvQJDcvUoFD/OyY8jFREnnTK6Sj0P8yug9\nZSP8NNNdiCK4QmN++3AG5QopgHuYkBVBJmX0wjEldStDaSzQXIsqQpE+VdWy6J68\niT6qyziMwN87/Aign4LwcM9sWzo2IKISZHv/f+ZFdapcdoPld43RR1hwx/3yexXH\nqQn7K2lxNZmUUpZ5DDJ8kheg/WAlY1sVmQ+r6D1mMVSr4pEot+tNjMQTvLYMrTEJ\nQQ1mMB96g7XkhQKCAQEA6JbreXukMPiuH7IcWqdQfWJriui7zr66pMnhD//mlr3D\n2kmYxFV68C3LN+BeBPtLWeoK2l8qEEXSqcKS+sq3SDy32HKBIjdCqSkJT7OdB6ca\nQAn11UXVOsxbyA6eKtj6yb67eVFmNpIi8QDXMALq/tfjrM3XS35h0TK25fzljUlf\nidrBomm+6arGinpuim83GcWdd4+s7Fu+VdBH2Ebx+nEsdl2mwWUBV+WpSlp2U2G+\nqCinHYXWQF9mQ/olLMftkLbbnPlYzxJggTySJByxJ5k/6yPtcKSStq9D6CckEhVM\nPkFf/+VwkXGvjM59L6eQ5UJe1F+NPjQ1jl0DW+dodwKCAQAGUJ/4btEE0CTuoJB/\nygviNlFjP9/h5U7aTbH3LScqE9Xr8lNz8xhu/TzP/CSQBowejvAxuIqIsR4WqGqN\nN5rSKHgCTLPblqiPhycfDSuJEwXNh08BO3EZsJXVQxFi4WowYog5DJEO2fQdKhAF\nBWtPZiAXoCxEUXoMfSB7YHZwiuWthMKlamT10sRbjDP0iNc+vD0218mplziDFKpy\n7fCdvS/xrnYyFKkXSXLko41CecGOby2voyJez+taE9iec43fFLlKWcp3R3m1v8wD\nGQ8lKZ5t825q9dLu1hYmj0XkKGgnXvQUEX2PHlwEpDXJMueXXB6iY+vviFN6qOT+\n18D1AoIBAQCds9atZBwL6FGHxChdfxygJ19rrCnLIJ9EpG0pgAVFKB3noAco+ByH\nRUWI+WRGVGze5kW9ktDef7k6yWcHDPQA0sqEw/6yyG02bVCW7d4HFlJCIX7BwLu3\nRmDk4KR1wPEqYVyUAZEgZy2x4zQEpbXYXWFOBbN4yJRiV9STVEoA5kMVIXIxQSnl\nHZnIwwK4cngVzVvbeVtyVzJS1QohptjjSmEvUIiEkIu8oUeL1pJsLtYrBoVpCxoe\nQ5D/flg+aMC3YoS9hoOkw30To5IjUiD8DHi+YnnX6n5fx65vdjqK2E392C3TQCp3\nM3IoMsnGygMAr2PE85S9HIFDqeVhJyI5AoIBAQCOzyzkLPV0YD2dOx8CHGjTM5HW\nK17Yyh6f6c/Jy94bDY3KifO8SG+LfMsNx+lkW9ORF2OoS8AjR7WQwpDlOgO62kqa\nHy+6RMh7ipbErJe7qQBFLw7K7upeKPZPRP7pK05eEwX29XJ0AzlXFqvfQZU/jKeK\nf21JJqKlTANmeFGNkso1kbvMA5IBHwN4JtuDxNylurWDtk7uNtm3OlPFOXIB9HRv\nV1enL76Imv9Ri4gj0R7K8cgYlffc17IaZpxn1WuVmLCqL6GNhgB4/nDSaMYS6BGb\nnKMYhs/o1QsFwU+mTxjVprz7KzkHnX9R+82GselYY8k6iRQ7OJ9G9AxzXmd2\n-----END RSA PRIVATE KEY-----\n",
            "public_key_fingerprint_md5": "ce:ef:ff:7c:e6:5b:62:87:6c:c6:89:f3:6f:d6:c1:7c",
            "public_key_openssh": "ssh-rsa AAAAB3NzaC1yc2EAAAADAQABAAACAQDA7XLBnKi+qudAs8/LDNhQWUGvIbuFQjbNwLjG0rBQEQCwiefa8KfRH3UMmFUcSIey9Ot4reqE9bjvZFGBWIbm0B8VZbN27UkccZh6SkCu08cNtfDPDHpcdH9Tq46d/Ug3GyGo6cOONcFsob/xZKXa0VmrOYvnHiQqhUXZis8pG0wYIPnUKTK3Psbp+r16P77lvXwGYKRjkfLmH5jmcPjK7CSES/HbpV571J8hxgZTk5H8ogcQYrJyR2zPM5YOEFzX/CaqjbUuTQk4Kc8+WFShNsUEa3oAho4fC/PE/gvBgkH1riH7QMImTzsG5o75ii+//Es6k9wNCXSGTGgtqL0lQNv3bMeNzuYch/n/ozjmK8nPUOw+VAAh3+mnuziyFJ9nDHikgSHRKRHMcRREUXuYGQ7hXMwDTIBr3dm7oUXAIGbnbT5Ax2nHWw00qbCt5FGRJQ47LkMNukNV4+t+3jZmYh5k9pE05IoNTHHGfWA/+Iv7mTxg1KNIUULTzUFgsrU155h/bEIRmn6LJAw0dkOofJD4v/tEFLZlvxcRbyHkByJFhe5bbbpG/qZiGc1GbmGm4MZPiJNyHCe135vlnxaHTgaDW+GxSYTHoLgUxGnKnRc6Ox9QK74GDmiHwtVHdYJgt8Pq/84uRM4mU04PfvapcGVATYvqN9vrcudgmWZB0w==\n",
            "public_key_pem": "-----BEGIN PUBLIC KEY-----\nMIICIjANBgkqhkiG9w0BAQEFAAOCAg8AMIICCgKCAgEAwO1ywZyovqrnQLPPywzY\nUFlBryG7hUI2zcC4xtKwUBEAsInn2vCn0R91DJhVHEiHsvTreK3qhPW472RRgViG\n5tAfFWWzdu1JHHGYekpArtPHDbXwzwx6XHR/U6uOnf1INxshqOnDjjXBbKG/8WSl\n2tFZqzmL5x4kKoVF2YrPKRtMGCD51Ckytz7G6fq9ej++5b18BmCkY5Hy5h+Y5nD4\nyuwkhEvx26Vee9SfIcYGU5OR/KIHEGKyckdszzOWDhBc1/wmqo21Lk0JOCnPPlhU\noTbFBGt6AIaOHwvzxP4LwYJB9a4h+0DCJk87BuaO+Yovv/xLOpPcDQl0hkxoLai9\nJUDb92zHjc7mHIf5/6M45ivJz1DsPlQAId/pp7s4shSfZwx4pIEh0SkRzHEURFF7\nmBkO4VzMA0yAa93Zu6FFwCBm520+QMdpx1sNNKmwreRRkSUOOy5DDbpDVePrft42\nZmIeZPaRNOSKDUxxxn1gP/iL+5k8YNSjSFFC081BYLK1NeeYf2xCEZp+iyQMNHZD\nqHyQ+L/7RBS2Zb8XEW8h5AciRYXuW226Rv6mYhnNRm5hpuDGT4iTchwntd+b5Z8W\nh04Gg1vhsUmEx6C4FMRpyp0XOjsfUCu+Bg5oh8LVR3WCYLfD6v/OLkTOJlNOD372\nqXBlQE2L6jfb63LnYJlmQdMCAwEAAQ==\n-----END PUBLIC KEY-----\n",
            "rsa_bits": 4096
          },
          "sensitive_attributes": [],
          "private": "bnVsbA=="
        }
      ]
    }
  ]
}
